// !$*UTF8*$!
{
	archiveVersion = 1;
	classes = {
	};
	objectVersion = 77;
	objects = {

/* Begin PBXBuildFile section */
		C64533992E60FCA7008714AB /* SignInView.swift in Sources */ = {isa = PBXBuildFile; fileRef = C64533982E60FCA7008714AB /* SignInView.swift */; };
		C67ECF0A2E610220005CFCFD /* BarBackButton.swift in Sources */ = {isa = PBXBuildFile; fileRef = C67ECF092E610220005CFCFD /* BarBackButton.swift */; };
		C67ECF0C2E610359005CFCFD /* CustomBackToolbar.swift in Sources */ = {isa = PBXBuildFile; fileRef = C67ECF0B2E610359005CFCFD /* CustomBackToolbar.swift */; };
		C67ECF0E2E610E10005CFCFD /* CustomTextField.swift in Sources */ = {isa = PBXBuildFile; fileRef = C67ECF0D2E610E10005CFCFD /* CustomTextField.swift */; };
		C67ECF112E611E58005CFCFD /* SignInViewModel.swift in Sources */ = {isa = PBXBuildFile; fileRef = C67ECF102E611E57005CFCFD /* SignInViewModel.swift */; };
		C67ECF152E612099005CFCFD /* AuthManager.swift in Sources */ = {isa = PBXBuildFile; fileRef = C67ECF142E612099005CFCFD /* AuthManager.swift */; };
		C6ACAA722E5D2C81008B6C63 /* Assets.xcassets in Resources */ = {isa = PBXBuildFile; fileRef = C6ACAA6D2E5D2C81008B6C63 /* Assets.xcassets */; };
		C6ACAA732E5D2C81008B6C63 /* HomeView.swift in Sources */ = {isa = PBXBuildFile; fileRef = C6ACAA6E2E5D2C81008B6C63 /* HomeView.swift */; };
		C6ACAA742E5D2C81008B6C63 /* EventoriasApp.swift in Sources */ = {isa = PBXBuildFile; fileRef = C6ACAA702E5D2C81008B6C63 /* EventoriasApp.swift */; };
		C6ACAA772E5D2C84008B6C63 /* EventoriasTests.swift in Sources */ = {isa = PBXBuildFile; fileRef = C6ACAA752E5D2C84008B6C63 /* EventoriasTests.swift */; };
		C6ACAA7B2E5D2C86008B6C63 /* EventoriasUITests.swift in Sources */ = {isa = PBXBuildFile; fileRef = C6ACAA782E5D2C86008B6C63 /* EventoriasUITests.swift */; };
		C6ACAA7C2E5D2C86008B6C63 /* EventoriasUITestsLaunchTests.swift in Sources */ = {isa = PBXBuildFile; fileRef = C6ACAA792E5D2C86008B6C63 /* EventoriasUITestsLaunchTests.swift */; };
		C6ACAA852E5E5E2E008B6C63 /* GoogleService-Info.plist in Resources */ = {isa = PBXBuildFile; fileRef = C6ACAA842E5E5E2E008B6C63 /* GoogleService-Info.plist */; };
		C6ACAA862E5E5E2E008B6C63 /* GoogleService-Info.plist in Resources */ = {isa = PBXBuildFile; fileRef = C6ACAA842E5E5E2E008B6C63 /* GoogleService-Info.plist */; };
		C6ACAA872E5E5E2E008B6C63 /* GoogleService-Info.plist in Resources */ = {isa = PBXBuildFile; fileRef = C6ACAA842E5E5E2E008B6C63 /* GoogleService-Info.plist */; };
		C6ACAA8A2E5E5FB2008B6C63 /* FirebaseAuth in Frameworks */ = {isa = PBXBuildFile; productRef = C6ACAA892E5E5FB2008B6C63 /* FirebaseAuth */; };
		C6ACAA8C2E601897008B6C63 /* WelcomeView.swift in Sources */ = {isa = PBXBuildFile; fileRef = C6ACAA8B2E601897008B6C63 /* WelcomeView.swift */; };
		C6ACAA922E6019CE008B6C63 /* AppDelegate.swift in Sources */ = {isa = PBXBuildFile; fileRef = C6ACAA912E6019CE008B6C63 /* AppDelegate.swift */; };
		C6ACAA962E601C81008B6C63 /* AppBackground.swift in Sources */ = {isa = PBXBuildFile; fileRef = C6ACAA952E601C81008B6C63 /* AppBackground.swift */; };
		C6ACAA982E601DFF008B6C63 /* AppButton.swift in Sources */ = {isa = PBXBuildFile; fileRef = C6ACAA972E601DFF008B6C63 /* AppButton.swift */; };
/* End PBXBuildFile section */

/* Begin PBXContainerItemProxy section */
		C6ACAA512E5D2B9F008B6C63 /* PBXContainerItemProxy */ = {
			isa = PBXContainerItemProxy;
			containerPortal = C6ACAA3A2E5D2B9E008B6C63 /* Project object */;
			proxyType = 1;
			remoteGlobalIDString = C6ACAA412E5D2B9E008B6C63;
			remoteInfo = Eventorias;
		};
		C6ACAA5B2E5D2B9F008B6C63 /* PBXContainerItemProxy */ = {
			isa = PBXContainerItemProxy;
			containerPortal = C6ACAA3A2E5D2B9E008B6C63 /* Project object */;
			proxyType = 1;
			remoteGlobalIDString = C6ACAA412E5D2B9E008B6C63;
			remoteInfo = Eventorias;
		};
/* End PBXContainerItemProxy section */

/* Begin PBXFileReference section */
		C64533982E60FCA7008714AB /* SignInView.swift */ = {isa = PBXFileReference; lastKnownFileType = sourcecode.swift; path = SignInView.swift; sourceTree = "<group>"; };
		C67ECF092E610220005CFCFD /* BarBackButton.swift */ = {isa = PBXFileReference; lastKnownFileType = sourcecode.swift; path = BarBackButton.swift; sourceTree = "<group>"; };
		C67ECF0B2E610359005CFCFD /* CustomBackToolbar.swift */ = {isa = PBXFileReference; lastKnownFileType = sourcecode.swift; path = CustomBackToolbar.swift; sourceTree = "<group>"; };
		C67ECF0D2E610E10005CFCFD /* CustomTextField.swift */ = {isa = PBXFileReference; lastKnownFileType = sourcecode.swift; path = CustomTextField.swift; sourceTree = "<group>"; };
		C67ECF102E611E57005CFCFD /* SignInViewModel.swift */ = {isa = PBXFileReference; lastKnownFileType = sourcecode.swift; path = SignInViewModel.swift; sourceTree = "<group>"; };
		C67ECF142E612099005CFCFD /* AuthManager.swift */ = {isa = PBXFileReference; lastKnownFileType = sourcecode.swift; path = AuthManager.swift; sourceTree = "<group>"; };
		C6ACAA422E5D2B9E008B6C63 /* Eventorias.app */ = {isa = PBXFileReference; explicitFileType = wrapper.application; includeInIndex = 0; path = Eventorias.app; sourceTree = BUILT_PRODUCTS_DIR; };
		C6ACAA502E5D2B9F008B6C63 /* EventoriasTests.xctest */ = {isa = PBXFileReference; explicitFileType = wrapper.cfbundle; includeInIndex = 0; path = EventoriasTests.xctest; sourceTree = BUILT_PRODUCTS_DIR; };
		C6ACAA5A2E5D2B9F008B6C63 /* EventoriasUITests.xctest */ = {isa = PBXFileReference; explicitFileType = wrapper.cfbundle; includeInIndex = 0; path = EventoriasUITests.xctest; sourceTree = BUILT_PRODUCTS_DIR; };
		C6ACAA6D2E5D2C81008B6C63 /* Assets.xcassets */ = {isa = PBXFileReference; lastKnownFileType = folder.assetcatalog; path = Assets.xcassets; sourceTree = "<group>"; };
		C6ACAA6E2E5D2C81008B6C63 /* HomeView.swift */ = {isa = PBXFileReference; lastKnownFileType = sourcecode.swift; path = HomeView.swift; sourceTree = "<group>"; };
		C6ACAA6F2E5D2C81008B6C63 /* Eventorias.entitlements */ = {isa = PBXFileReference; lastKnownFileType = text.plist.entitlements; path = Eventorias.entitlements; sourceTree = "<group>"; };
		C6ACAA702E5D2C81008B6C63 /* EventoriasApp.swift */ = {isa = PBXFileReference; lastKnownFileType = sourcecode.swift; path = EventoriasApp.swift; sourceTree = "<group>"; };
		C6ACAA752E5D2C84008B6C63 /* EventoriasTests.swift */ = {isa = PBXFileReference; lastKnownFileType = sourcecode.swift; path = EventoriasTests.swift; sourceTree = "<group>"; };
		C6ACAA782E5D2C86008B6C63 /* EventoriasUITests.swift */ = {isa = PBXFileReference; lastKnownFileType = sourcecode.swift; path = EventoriasUITests.swift; sourceTree = "<group>"; };
		C6ACAA792E5D2C86008B6C63 /* EventoriasUITestsLaunchTests.swift */ = {isa = PBXFileReference; lastKnownFileType = sourcecode.swift; path = EventoriasUITestsLaunchTests.swift; sourceTree = "<group>"; };
		C6ACAA842E5E5E2E008B6C63 /* GoogleService-Info.plist */ = {isa = PBXFileReference; lastKnownFileType = text.plist.xml; path = "GoogleService-Info.plist"; sourceTree = "<group>"; };
		C6ACAA8B2E601897008B6C63 /* WelcomeView.swift */ = {isa = PBXFileReference; lastKnownFileType = sourcecode.swift; path = WelcomeView.swift; sourceTree = "<group>"; };
		C6ACAA912E6019CE008B6C63 /* AppDelegate.swift */ = {isa = PBXFileReference; lastKnownFileType = sourcecode.swift; path = AppDelegate.swift; sourceTree = "<group>"; };
		C6ACAA952E601C81008B6C63 /* AppBackground.swift */ = {isa = PBXFileReference; lastKnownFileType = sourcecode.swift; path = AppBackground.swift; sourceTree = "<group>"; };
		C6ACAA972E601DFF008B6C63 /* AppButton.swift */ = {isa = PBXFileReference; lastKnownFileType = sourcecode.swift; path = AppButton.swift; sourceTree = "<group>"; };
/* End PBXFileReference section */

/* Begin PBXFrameworksBuildPhase section */
		C6ACAA3F2E5D2B9E008B6C63 /* Frameworks */ = {
			isa = PBXFrameworksBuildPhase;
			buildActionMask = 2147483647;
			files = (
				C6ACAA8A2E5E5FB2008B6C63 /* FirebaseAuth in Frameworks */,
			);
			runOnlyForDeploymentPostprocessing = 0;
		};
		C6ACAA4D2E5D2B9F008B6C63 /* Frameworks */ = {
			isa = PBXFrameworksBuildPhase;
			buildActionMask = 2147483647;
			files = (
			);
			runOnlyForDeploymentPostprocessing = 0;
		};
		C6ACAA572E5D2B9F008B6C63 /* Frameworks */ = {
			isa = PBXFrameworksBuildPhase;
			buildActionMask = 2147483647;
			files = (
			);
			runOnlyForDeploymentPostprocessing = 0;
		};
/* End PBXFrameworksBuildPhase section */

/* Begin PBXGroup section */
		C64533972E60FC97008714AB /* Authentification */ = {
			isa = PBXGroup;
			children = (
				C6ACAA8B2E601897008B6C63 /* WelcomeView.swift */,
				C64533982E60FCA7008714AB /* SignInView.swift */,
			);
			path = Authentification;
			sourceTree = "<group>";
		};
		C67ECF0F2E611E45005CFCFD /* ViewModels */ = {
			isa = PBXGroup;
			children = (
				C67ECF102E611E57005CFCFD /* SignInViewModel.swift */,
			);
			path = ViewModels;
			sourceTree = "<group>";
		};
		C6ACAA392E5D2B9E008B6C63 = {
			isa = PBXGroup;
			children = (
				C6ACAA712E5D2C81008B6C63 /* Eventorias */,
				C6ACAA8D2E60189E008B6C63 /* Tests */,
				C6ACAA432E5D2B9E008B6C63 /* Products */,
			);
			sourceTree = "<group>";
		};
		C6ACAA432E5D2B9E008B6C63 /* Products */ = {
			isa = PBXGroup;
			children = (
				C6ACAA422E5D2B9E008B6C63 /* Eventorias.app */,
				C6ACAA502E5D2B9F008B6C63 /* EventoriasTests.xctest */,
				C6ACAA5A2E5D2B9F008B6C63 /* EventoriasUITests.xctest */,
			);
			name = Products;
			sourceTree = "<group>";
		};
		C6ACAA712E5D2C81008B6C63 /* Eventorias */ = {
			isa = PBXGroup;
			children = (
				C6ACAA932E601A8F008B6C63 /* Configuration */,
				C6ACAA902E6019B8008B6C63 /* App */,
				C6ACAA8E2E60194D008B6C63 /* Views */,
				C67ECF0F2E611E45005CFCFD /* ViewModels */,
				C6ACAA8F2E601979008B6C63 /* Resources */,
			);
			path = Eventorias;
			sourceTree = "<group>";
		};
		C6ACAA762E5D2C84008B6C63 /* EventoriasTests */ = {
			isa = PBXGroup;
			children = (
				C6ACAA752E5D2C84008B6C63 /* EventoriasTests.swift */,
			);
			path = EventoriasTests;
			sourceTree = "<group>";
		};
		C6ACAA7A2E5D2C86008B6C63 /* EventoriasUITests */ = {
			isa = PBXGroup;
			children = (
				C6ACAA782E5D2C86008B6C63 /* EventoriasUITests.swift */,
				C6ACAA792E5D2C86008B6C63 /* EventoriasUITestsLaunchTests.swift */,
			);
			path = EventoriasUITests;
			sourceTree = "<group>";
		};
		C6ACAA8D2E60189E008B6C63 /* Tests */ = {
			isa = PBXGroup;
			children = (
				C6ACAA762E5D2C84008B6C63 /* EventoriasTests */,
				C6ACAA7A2E5D2C86008B6C63 /* EventoriasUITests */,
			);
			path = Tests;
			sourceTree = "<group>";
		};
		C6ACAA8E2E60194D008B6C63 /* Views */ = {
			isa = PBXGroup;
			children = (
				C6ACAA6E2E5D2C81008B6C63 /* HomeView.swift */,
				C64533972E60FC97008714AB /* Authentification */,
				C6ACAA942E601C71008B6C63 /* Components */,
			);
			path = Views;
			sourceTree = "<group>";
		};
		C6ACAA8F2E601979008B6C63 /* Resources */ = {
			isa = PBXGroup;
			children = (
				C6ACAA6D2E5D2C81008B6C63 /* Assets.xcassets */,
			);
			path = Resources;
			sourceTree = "<group>";
		};
		C6ACAA902E6019B8008B6C63 /* App */ = {
			isa = PBXGroup;
			children = (
				C67ECF142E612099005CFCFD /* AuthManager.swift */,
				C6ACAA702E5D2C81008B6C63 /* EventoriasApp.swift */,
				C6ACAA912E6019CE008B6C63 /* AppDelegate.swift */,
			);
			path = App;
			sourceTree = "<group>";
		};
		C6ACAA932E601A8F008B6C63 /* Configuration */ = {
			isa = PBXGroup;
			children = (
				C6ACAA6F2E5D2C81008B6C63 /* Eventorias.entitlements */,
				C6ACAA842E5E5E2E008B6C63 /* GoogleService-Info.plist */,
			);
			path = Configuration;
			sourceTree = "<group>";
		};
		C6ACAA942E601C71008B6C63 /* Components */ = {
			isa = PBXGroup;
			children = (
				C6ACAA952E601C81008B6C63 /* AppBackground.swift */,
				C67ECF0D2E610E10005CFCFD /* CustomTextField.swift */,
				C6ACAA972E601DFF008B6C63 /* AppButton.swift */,
				C67ECF092E610220005CFCFD /* BarBackButton.swift */,
				C67ECF0B2E610359005CFCFD /* CustomBackToolbar.swift */,
			);
			path = Components;
			sourceTree = "<group>";
		};
/* End PBXGroup section */

/* Begin PBXNativeTarget section */
		C6ACAA412E5D2B9E008B6C63 /* Eventorias */ = {
			isa = PBXNativeTarget;
			buildConfigurationList = C6ACAA642E5D2B9F008B6C63 /* Build configuration list for PBXNativeTarget "Eventorias" */;
			buildPhases = (
				C6ACAA3E2E5D2B9E008B6C63 /* Sources */,
				C6ACAA3F2E5D2B9E008B6C63 /* Frameworks */,
				C6ACAA402E5D2B9E008B6C63 /* Resources */,
			);
			buildRules = (
			);
			dependencies = (
			);
			name = Eventorias;
			packageProductDependencies = (
				C6ACAA892E5E5FB2008B6C63 /* FirebaseAuth */,
			);
			productName = Eventorias;
			productReference = C6ACAA422E5D2B9E008B6C63 /* Eventorias.app */;
			productType = "com.apple.product-type.application";
		};
		C6ACAA4F2E5D2B9F008B6C63 /* EventoriasTests */ = {
			isa = PBXNativeTarget;
			buildConfigurationList = C6ACAA672E5D2B9F008B6C63 /* Build configuration list for PBXNativeTarget "EventoriasTests" */;
			buildPhases = (
				C6ACAA4C2E5D2B9F008B6C63 /* Sources */,
				C6ACAA4D2E5D2B9F008B6C63 /* Frameworks */,
				C6ACAA4E2E5D2B9F008B6C63 /* Resources */,
			);
			buildRules = (
			);
			dependencies = (
				C6ACAA522E5D2B9F008B6C63 /* PBXTargetDependency */,
			);
			name = EventoriasTests;
			packageProductDependencies = (
			);
			productName = EventoriasTests;
			productReference = C6ACAA502E5D2B9F008B6C63 /* EventoriasTests.xctest */;
			productType = "com.apple.product-type.bundle.unit-test";
		};
		C6ACAA592E5D2B9F008B6C63 /* EventoriasUITests */ = {
			isa = PBXNativeTarget;
			buildConfigurationList = C6ACAA6A2E5D2B9F008B6C63 /* Build configuration list for PBXNativeTarget "EventoriasUITests" */;
			buildPhases = (
				C6ACAA562E5D2B9F008B6C63 /* Sources */,
				C6ACAA572E5D2B9F008B6C63 /* Frameworks */,
				C6ACAA582E5D2B9F008B6C63 /* Resources */,
			);
			buildRules = (
			);
			dependencies = (
				C6ACAA5C2E5D2B9F008B6C63 /* PBXTargetDependency */,
			);
			name = EventoriasUITests;
			packageProductDependencies = (
			);
			productName = EventoriasUITests;
			productReference = C6ACAA5A2E5D2B9F008B6C63 /* EventoriasUITests.xctest */;
			productType = "com.apple.product-type.bundle.ui-testing";
		};
/* End PBXNativeTarget section */

/* Begin PBXProject section */
		C6ACAA3A2E5D2B9E008B6C63 /* Project object */ = {
			isa = PBXProject;
			attributes = {
				BuildIndependentTargetsInParallel = 1;
				LastSwiftUpdateCheck = 1640;
				LastUpgradeCheck = 1640;
				TargetAttributes = {
					C6ACAA412E5D2B9E008B6C63 = {
						CreatedOnToolsVersion = 16.4;
					};
					C6ACAA4F2E5D2B9F008B6C63 = {
						CreatedOnToolsVersion = 16.4;
						TestTargetID = C6ACAA412E5D2B9E008B6C63;
					};
					C6ACAA592E5D2B9F008B6C63 = {
						CreatedOnToolsVersion = 16.4;
						TestTargetID = C6ACAA412E5D2B9E008B6C63;
					};
				};
			};
			buildConfigurationList = C6ACAA3D2E5D2B9E008B6C63 /* Build configuration list for PBXProject "Eventorias" */;
			developmentRegion = en;
			hasScannedForEncodings = 0;
			knownRegions = (
				en,
				Base,
			);
			mainGroup = C6ACAA392E5D2B9E008B6C63;
			minimizedProjectReferenceProxies = 1;
			packageReferences = (
				C6ACAA882E5E5FB2008B6C63 /* XCRemoteSwiftPackageReference "firebase-ios-sdk" */,
			);
			preferredProjectObjectVersion = 77;
			productRefGroup = C6ACAA432E5D2B9E008B6C63 /* Products */;
			projectDirPath = "";
			projectRoot = "";
			targets = (
				C6ACAA412E5D2B9E008B6C63 /* Eventorias */,
				C6ACAA4F2E5D2B9F008B6C63 /* EventoriasTests */,
				C6ACAA592E5D2B9F008B6C63 /* EventoriasUITests */,
			);
		};
/* End PBXProject section */

/* Begin PBXResourcesBuildPhase section */
		C6ACAA402E5D2B9E008B6C63 /* Resources */ = {
			isa = PBXResourcesBuildPhase;
			buildActionMask = 2147483647;
			files = (
				C6ACAA722E5D2C81008B6C63 /* Assets.xcassets in Resources */,
				C6ACAA852E5E5E2E008B6C63 /* GoogleService-Info.plist in Resources */,
			);
			runOnlyForDeploymentPostprocessing = 0;
		};
		C6ACAA4E2E5D2B9F008B6C63 /* Resources */ = {
			isa = PBXResourcesBuildPhase;
			buildActionMask = 2147483647;
			files = (
				C6ACAA862E5E5E2E008B6C63 /* GoogleService-Info.plist in Resources */,
			);
			runOnlyForDeploymentPostprocessing = 0;
		};
		C6ACAA582E5D2B9F008B6C63 /* Resources */ = {
			isa = PBXResourcesBuildPhase;
			buildActionMask = 2147483647;
			files = (
				C6ACAA872E5E5E2E008B6C63 /* GoogleService-Info.plist in Resources */,
			);
			runOnlyForDeploymentPostprocessing = 0;
		};
/* End PBXResourcesBuildPhase section */

/* Begin PBXSourcesBuildPhase section */
		C6ACAA3E2E5D2B9E008B6C63 /* Sources */ = {
			isa = PBXSourcesBuildPhase;
			buildActionMask = 2147483647;
			files = (
				C67ECF0E2E610E10005CFCFD /* CustomTextField.swift in Sources */,
				C67ECF152E612099005CFCFD /* AuthManager.swift in Sources */,
				C6ACAA962E601C81008B6C63 /* AppBackground.swift in Sources */,
				C67ECF0A2E610220005CFCFD /* BarBackButton.swift in Sources */,
				C6ACAA922E6019CE008B6C63 /* AppDelegate.swift in Sources */,
				C67ECF0C2E610359005CFCFD /* CustomBackToolbar.swift in Sources */,
				C6ACAA8C2E601897008B6C63 /* WelcomeView.swift in Sources */,
				C64533992E60FCA7008714AB /* SignInView.swift in Sources */,
				C6ACAA732E5D2C81008B6C63 /* HomeView.swift in Sources */,
				C67ECF112E611E58005CFCFD /* SignInViewModel.swift in Sources */,
				C6ACAA742E5D2C81008B6C63 /* EventoriasApp.swift in Sources */,
				C6ACAA982E601DFF008B6C63 /* AppButton.swift in Sources */,
			);
			runOnlyForDeploymentPostprocessing = 0;
		};
		C6ACAA4C2E5D2B9F008B6C63 /* Sources */ = {
			isa = PBXSourcesBuildPhase;
			buildActionMask = 2147483647;
			files = (
				C6ACAA772E5D2C84008B6C63 /* EventoriasTests.swift in Sources */,
			);
			runOnlyForDeploymentPostprocessing = 0;
		};
		C6ACAA562E5D2B9F008B6C63 /* Sources */ = {
			isa = PBXSourcesBuildPhase;
			buildActionMask = 2147483647;
			files = (
				C6ACAA7B2E5D2C86008B6C63 /* EventoriasUITests.swift in Sources */,
				C6ACAA7C2E5D2C86008B6C63 /* EventoriasUITestsLaunchTests.swift in Sources */,
			);
			runOnlyForDeploymentPostprocessing = 0;
		};
/* End PBXSourcesBuildPhase section */

/* Begin PBXTargetDependency section */
		C6ACAA522E5D2B9F008B6C63 /* PBXTargetDependency */ = {
			isa = PBXTargetDependency;
			target = C6ACAA412E5D2B9E008B6C63 /* Eventorias */;
			targetProxy = C6ACAA512E5D2B9F008B6C63 /* PBXContainerItemProxy */;
		};
		C6ACAA5C2E5D2B9F008B6C63 /* PBXTargetDependency */ = {
			isa = PBXTargetDependency;
			target = C6ACAA412E5D2B9E008B6C63 /* Eventorias */;
			targetProxy = C6ACAA5B2E5D2B9F008B6C63 /* PBXContainerItemProxy */;
		};
/* End PBXTargetDependency section */

/* Begin XCBuildConfiguration section */
		C6ACAA622E5D2B9F008B6C63 /* Debug */ = {
			isa = XCBuildConfiguration;
			buildSettings = {
				ALWAYS_SEARCH_USER_PATHS = NO;
				ASSETCATALOG_COMPILER_GENERATE_SWIFT_ASSET_SYMBOL_EXTENSIONS = YES;
				CLANG_ANALYZER_NONNULL = YES;
				CLANG_ANALYZER_NUMBER_OBJECT_CONVERSION = YES_AGGRESSIVE;
				CLANG_CXX_LANGUAGE_STANDARD = "gnu++20";
				CLANG_ENABLE_MODULES = YES;
				CLANG_ENABLE_OBJC_ARC = YES;
				CLANG_ENABLE_OBJC_WEAK = YES;
				CLANG_WARN_BLOCK_CAPTURE_AUTORELEASING = YES;
				CLANG_WARN_BOOL_CONVERSION = YES;
				CLANG_WARN_COMMA = YES;
				CLANG_WARN_CONSTANT_CONVERSION = YES;
				CLANG_WARN_DEPRECATED_OBJC_IMPLEMENTATIONS = YES;
				CLANG_WARN_DIRECT_OBJC_ISA_USAGE = YES_ERROR;
				CLANG_WARN_DOCUMENTATION_COMMENTS = YES;
				CLANG_WARN_EMPTY_BODY = YES;
				CLANG_WARN_ENUM_CONVERSION = YES;
				CLANG_WARN_INFINITE_RECURSION = YES;
				CLANG_WARN_INT_CONVERSION = YES;
				CLANG_WARN_NON_LITERAL_NULL_CONVERSION = YES;
				CLANG_WARN_OBJC_IMPLICIT_RETAIN_SELF = YES;
				CLANG_WARN_OBJC_LITERAL_CONVERSION = YES;
				CLANG_WARN_OBJC_ROOT_CLASS = YES_ERROR;
				CLANG_WARN_QUOTED_INCLUDE_IN_FRAMEWORK_HEADER = YES;
				CLANG_WARN_RANGE_LOOP_ANALYSIS = YES;
				CLANG_WARN_STRICT_PROTOTYPES = YES;
				CLANG_WARN_SUSPICIOUS_MOVE = YES;
				CLANG_WARN_UNGUARDED_AVAILABILITY = YES_AGGRESSIVE;
				CLANG_WARN_UNREACHABLE_CODE = YES;
				CLANG_WARN__DUPLICATE_METHOD_MATCH = YES;
				COPY_PHASE_STRIP = NO;
				DEBUG_INFORMATION_FORMAT = dwarf;
				DEVELOPMENT_TEAM = GJ746626DJ;
				ENABLE_STRICT_OBJC_MSGSEND = YES;
				ENABLE_TESTABILITY = YES;
				ENABLE_USER_SCRIPT_SANDBOXING = YES;
				GCC_C_LANGUAGE_STANDARD = gnu17;
				GCC_DYNAMIC_NO_PIC = NO;
				GCC_NO_COMMON_BLOCKS = YES;
				GCC_OPTIMIZATION_LEVEL = 0;
				GCC_PREPROCESSOR_DEFINITIONS = (
					"DEBUG=1",
					"$(inherited)",
				);
				GCC_WARN_64_TO_32_BIT_CONVERSION = YES;
				GCC_WARN_ABOUT_RETURN_TYPE = YES_ERROR;
				GCC_WARN_UNDECLARED_SELECTOR = YES;
				GCC_WARN_UNINITIALIZED_AUTOS = YES_AGGRESSIVE;
				GCC_WARN_UNUSED_FUNCTION = YES;
				GCC_WARN_UNUSED_VARIABLE = YES;
				LOCALIZATION_PREFERS_STRING_CATALOGS = YES;
				MTL_ENABLE_DEBUG_INFO = INCLUDE_SOURCE;
				MTL_FAST_MATH = YES;
				ONLY_ACTIVE_ARCH = YES;
				SWIFT_ACTIVE_COMPILATION_CONDITIONS = "DEBUG $(inherited)";
				SWIFT_OPTIMIZATION_LEVEL = "-Onone";
			};
			name = Debug;
		};
		C6ACAA632E5D2B9F008B6C63 /* Release */ = {
			isa = XCBuildConfiguration;
			buildSettings = {
				ALWAYS_SEARCH_USER_PATHS = NO;
				ASSETCATALOG_COMPILER_GENERATE_SWIFT_ASSET_SYMBOL_EXTENSIONS = YES;
				CLANG_ANALYZER_NONNULL = YES;
				CLANG_ANALYZER_NUMBER_OBJECT_CONVERSION = YES_AGGRESSIVE;
				CLANG_CXX_LANGUAGE_STANDARD = "gnu++20";
				CLANG_ENABLE_MODULES = YES;
				CLANG_ENABLE_OBJC_ARC = YES;
				CLANG_ENABLE_OBJC_WEAK = YES;
				CLANG_WARN_BLOCK_CAPTURE_AUTORELEASING = YES;
				CLANG_WARN_BOOL_CONVERSION = YES;
				CLANG_WARN_COMMA = YES;
				CLANG_WARN_CONSTANT_CONVERSION = YES;
				CLANG_WARN_DEPRECATED_OBJC_IMPLEMENTATIONS = YES;
				CLANG_WARN_DIRECT_OBJC_ISA_USAGE = YES_ERROR;
				CLANG_WARN_DOCUMENTATION_COMMENTS = YES;
				CLANG_WARN_EMPTY_BODY = YES;
				CLANG_WARN_ENUM_CONVERSION = YES;
				CLANG_WARN_INFINITE_RECURSION = YES;
				CLANG_WARN_INT_CONVERSION = YES;
				CLANG_WARN_NON_LITERAL_NULL_CONVERSION = YES;
				CLANG_WARN_OBJC_IMPLICIT_RETAIN_SELF = YES;
				CLANG_WARN_OBJC_LITERAL_CONVERSION = YES;
				CLANG_WARN_OBJC_ROOT_CLASS = YES_ERROR;
				CLANG_WARN_QUOTED_INCLUDE_IN_FRAMEWORK_HEADER = YES;
				CLANG_WARN_RANGE_LOOP_ANALYSIS = YES;
				CLANG_WARN_STRICT_PROTOTYPES = YES;
				CLANG_WARN_SUSPICIOUS_MOVE = YES;
				CLANG_WARN_UNGUARDED_AVAILABILITY = YES_AGGRESSIVE;
				CLANG_WARN_UNREACHABLE_CODE = YES;
				CLANG_WARN__DUPLICATE_METHOD_MATCH = YES;
				COPY_PHASE_STRIP = NO;
				DEBUG_INFORMATION_FORMAT = "dwarf-with-dsym";
				DEVELOPMENT_TEAM = GJ746626DJ;
				ENABLE_NS_ASSERTIONS = NO;
				ENABLE_STRICT_OBJC_MSGSEND = YES;
				ENABLE_USER_SCRIPT_SANDBOXING = YES;
				GCC_C_LANGUAGE_STANDARD = gnu17;
				GCC_NO_COMMON_BLOCKS = YES;
				GCC_WARN_64_TO_32_BIT_CONVERSION = YES;
				GCC_WARN_ABOUT_RETURN_TYPE = YES_ERROR;
				GCC_WARN_UNDECLARED_SELECTOR = YES;
				GCC_WARN_UNINITIALIZED_AUTOS = YES_AGGRESSIVE;
				GCC_WARN_UNUSED_FUNCTION = YES;
				GCC_WARN_UNUSED_VARIABLE = YES;
				LOCALIZATION_PREFERS_STRING_CATALOGS = YES;
				MTL_ENABLE_DEBUG_INFO = NO;
				MTL_FAST_MATH = YES;
				SWIFT_COMPILATION_MODE = wholemodule;
			};
			name = Release;
		};
		C6ACAA652E5D2B9F008B6C63 /* Debug */ = {
			isa = XCBuildConfiguration;
			buildSettings = {
				ASSETCATALOG_COMPILER_APPICON_NAME = AppIcon;
				ASSETCATALOG_COMPILER_GLOBAL_ACCENT_COLOR_NAME = AccentColor;
				CODE_SIGN_ENTITLEMENTS = Eventorias/Configuration/Eventorias.entitlements;
				CODE_SIGN_STYLE = Automatic;
				CURRENT_PROJECT_VERSION = 1;
				DEVELOPMENT_TEAM = GJ746626DJ;
				ENABLE_HARDENED_RUNTIME = YES;
				ENABLE_PREVIEWS = YES;
				GENERATE_INFOPLIST_FILE = YES;
				"INFOPLIST_KEY_UIApplicationSceneManifest_Generation[sdk=iphoneos*]" = YES;
				"INFOPLIST_KEY_UIApplicationSceneManifest_Generation[sdk=iphonesimulator*]" = YES;
				"INFOPLIST_KEY_UIApplicationSupportsIndirectInputEvents[sdk=iphoneos*]" = YES;
				"INFOPLIST_KEY_UIApplicationSupportsIndirectInputEvents[sdk=iphonesimulator*]" = YES;
				"INFOPLIST_KEY_UILaunchScreen_Generation[sdk=iphoneos*]" = YES;
				"INFOPLIST_KEY_UILaunchScreen_Generation[sdk=iphonesimulator*]" = YES;
				"INFOPLIST_KEY_UIStatusBarStyle[sdk=iphoneos*]" = UIStatusBarStyleDefault;
				"INFOPLIST_KEY_UIStatusBarStyle[sdk=iphonesimulator*]" = UIStatusBarStyleDefault;
				INFOPLIST_KEY_UISupportedInterfaceOrientations_iPad = "UIInterfaceOrientationPortrait UIInterfaceOrientationPortraitUpsideDown UIInterfaceOrientationLandscapeLeft UIInterfaceOrientationLandscapeRight";
				INFOPLIST_KEY_UISupportedInterfaceOrientations_iPhone = "UIInterfaceOrientationPortrait UIInterfaceOrientationLandscapeLeft UIInterfaceOrientationLandscapeRight";
				IPHONEOS_DEPLOYMENT_TARGET = 18.5;
				LD_RUNPATH_SEARCH_PATHS = "@executable_path/Frameworks";
				"LD_RUNPATH_SEARCH_PATHS[sdk=macosx*]" = "@executable_path/../Frameworks";
				MACOSX_DEPLOYMENT_TARGET = 15.5;
				MARKETING_VERSION = 1.0;
				PRODUCT_BUNDLE_IDENTIFIER = me.jesenberger.pascal.Eventorias;
				PRODUCT_NAME = "$(TARGET_NAME)";
				REGISTER_APP_GROUPS = YES;
				SDKROOT = auto;
				SUPPORTED_PLATFORMS = "iphoneos iphonesimulator";
				SUPPORTS_MACCATALYST = NO;
				SWIFT_EMIT_LOC_STRINGS = YES;
				SWIFT_VERSION = 5.0;
				TARGETED_DEVICE_FAMILY = 1;
				XROS_DEPLOYMENT_TARGET = 2.5;
			};
			name = Debug;
		};
		C6ACAA662E5D2B9F008B6C63 /* Release */ = {
			isa = XCBuildConfiguration;
			buildSettings = {
				ASSETCATALOG_COMPILER_APPICON_NAME = AppIcon;
				ASSETCATALOG_COMPILER_GLOBAL_ACCENT_COLOR_NAME = AccentColor;
				CODE_SIGN_ENTITLEMENTS = Eventorias/Configuration/Eventorias.entitlements;
				CODE_SIGN_STYLE = Automatic;
				CURRENT_PROJECT_VERSION = 1;
				DEVELOPMENT_TEAM = GJ746626DJ;
				ENABLE_HARDENED_RUNTIME = YES;
				ENABLE_PREVIEWS = YES;
				GENERATE_INFOPLIST_FILE = YES;
				"INFOPLIST_KEY_UIApplicationSceneManifest_Generation[sdk=iphoneos*]" = YES;
				"INFOPLIST_KEY_UIApplicationSceneManifest_Generation[sdk=iphonesimulator*]" = YES;
				"INFOPLIST_KEY_UIApplicationSupportsIndirectInputEvents[sdk=iphoneos*]" = YES;
				"INFOPLIST_KEY_UIApplicationSupportsIndirectInputEvents[sdk=iphonesimulator*]" = YES;
				"INFOPLIST_KEY_UILaunchScreen_Generation[sdk=iphoneos*]" = YES;
				"INFOPLIST_KEY_UILaunchScreen_Generation[sdk=iphonesimulator*]" = YES;
				"INFOPLIST_KEY_UIStatusBarStyle[sdk=iphoneos*]" = UIStatusBarStyleDefault;
				"INFOPLIST_KEY_UIStatusBarStyle[sdk=iphonesimulator*]" = UIStatusBarStyleDefault;
				INFOPLIST_KEY_UISupportedInterfaceOrientations_iPad = "UIInterfaceOrientationPortrait UIInterfaceOrientationPortraitUpsideDown UIInterfaceOrientationLandscapeLeft UIInterfaceOrientationLandscapeRight";
				INFOPLIST_KEY_UISupportedInterfaceOrientations_iPhone = "UIInterfaceOrientationPortrait UIInterfaceOrientationLandscapeLeft UIInterfaceOrientationLandscapeRight";
				IPHONEOS_DEPLOYMENT_TARGET = 18.5;
				LD_RUNPATH_SEARCH_PATHS = "@executable_path/Frameworks";
				"LD_RUNPATH_SEARCH_PATHS[sdk=macosx*]" = "@executable_path/../Frameworks";
				MACOSX_DEPLOYMENT_TARGET = 15.5;
				MARKETING_VERSION = 1.0;
				PRODUCT_BUNDLE_IDENTIFIER = me.jesenberger.pascal.Eventorias;
				PRODUCT_NAME = "$(TARGET_NAME)";
				REGISTER_APP_GROUPS = YES;
				SDKROOT = auto;
				SUPPORTED_PLATFORMS = "iphoneos iphonesimulator";
				SUPPORTS_MACCATALYST = NO;
				SWIFT_EMIT_LOC_STRINGS = YES;
				SWIFT_VERSION = 5.0;
				TARGETED_DEVICE_FAMILY = 1;
				XROS_DEPLOYMENT_TARGET = 2.5;
			};
			name = Release;
		};
		C6ACAA682E5D2B9F008B6C63 /* Debug */ = {
			isa = XCBuildConfiguration;
			buildSettings = {
				BUNDLE_LOADER = "$(TEST_HOST)";
				CODE_SIGN_STYLE = Automatic;
				CURRENT_PROJECT_VERSION = 1;
				DEVELOPMENT_TEAM = GJ746626DJ;
				GENERATE_INFOPLIST_FILE = YES;
				IPHONEOS_DEPLOYMENT_TARGET = 18.5;
				MACOSX_DEPLOYMENT_TARGET = 15.5;
				MARKETING_VERSION = 1.0;
				PRODUCT_BUNDLE_IDENTIFIER = me.jesenberger.pascal.EventoriasTests;
				PRODUCT_NAME = "$(TARGET_NAME)";
				SDKROOT = auto;
				SUPPORTED_PLATFORMS = "iphoneos iphonesimulator";
				SUPPORTS_MACCATALYST = NO;
				SWIFT_EMIT_LOC_STRINGS = NO;
				SWIFT_VERSION = 5.0;
				TARGETED_DEVICE_FAMILY = 1;
				TEST_HOST = "$(BUILT_PRODUCTS_DIR)/Eventorias.app/$(BUNDLE_EXECUTABLE_FOLDER_PATH)/Eventorias";
				XROS_DEPLOYMENT_TARGET = 2.5;
			};
			name = Debug;
		};
		C6ACAA692E5D2B9F008B6C63 /* Release */ = {
			isa = XCBuildConfiguration;
			buildSettings = {
				BUNDLE_LOADER = "$(TEST_HOST)";
				CODE_SIGN_STYLE = Automatic;
				CURRENT_PROJECT_VERSION = 1;
				DEVELOPMENT_TEAM = GJ746626DJ;
				GENERATE_INFOPLIST_FILE = YES;
				IPHONEOS_DEPLOYMENT_TARGET = 18.5;
				MACOSX_DEPLOYMENT_TARGET = 15.5;
				MARKETING_VERSION = 1.0;
				PRODUCT_BUNDLE_IDENTIFIER = me.jesenberger.pascal.EventoriasTests;
				PRODUCT_NAME = "$(TARGET_NAME)";
				SDKROOT = auto;
				SUPPORTED_PLATFORMS = "iphoneos iphonesimulator";
				SUPPORTS_MACCATALYST = NO;
				SWIFT_EMIT_LOC_STRINGS = NO;
				SWIFT_VERSION = 5.0;
				TARGETED_DEVICE_FAMILY = 1;
				TEST_HOST = "$(BUILT_PRODUCTS_DIR)/Eventorias.app/$(BUNDLE_EXECUTABLE_FOLDER_PATH)/Eventorias";
				XROS_DEPLOYMENT_TARGET = 2.5;
			};
			name = Release;
		};
		C6ACAA6B2E5D2B9F008B6C63 /* Debug */ = {
			isa = XCBuildConfiguration;
			buildSettings = {
				CODE_SIGN_STYLE = Automatic;
				CURRENT_PROJECT_VERSION = 1;
				DEVELOPMENT_TEAM = GJ746626DJ;
				GENERATE_INFOPLIST_FILE = YES;
				IPHONEOS_DEPLOYMENT_TARGET = 18.5;
				MACOSX_DEPLOYMENT_TARGET = 15.5;
				MARKETING_VERSION = 1.0;
				PRODUCT_BUNDLE_IDENTIFIER = me.jesenberger.pascal.EventoriasUITests;
				PRODUCT_NAME = "$(TARGET_NAME)";
				SDKROOT = auto;
				SUPPORTED_PLATFORMS = "iphoneos iphonesimulator";
				SUPPORTS_MACCATALYST = NO;
				SWIFT_EMIT_LOC_STRINGS = NO;
				SWIFT_VERSION = 5.0;
				TARGETED_DEVICE_FAMILY = 1;
				TEST_TARGET_NAME = Eventorias;
				XROS_DEPLOYMENT_TARGET = 2.5;
			};
			name = Debug;
		};
		C6ACAA6C2E5D2B9F008B6C63 /* Release */ = {
			isa = XCBuildConfiguration;
			buildSettings = {
				CODE_SIGN_STYLE = Automatic;
				CURRENT_PROJECT_VERSION = 1;
				DEVELOPMENT_TEAM = GJ746626DJ;
				GENERATE_INFOPLIST_FILE = YES;
				IPHONEOS_DEPLOYMENT_TARGET = 18.5;
				MACOSX_DEPLOYMENT_TARGET = 15.5;
				MARKETING_VERSION = 1.0;
				PRODUCT_BUNDLE_IDENTIFIER = me.jesenberger.pascal.EventoriasUITests;
				PRODUCT_NAME = "$(TARGET_NAME)";
				SDKROOT = auto;
				SUPPORTED_PLATFORMS = "iphoneos iphonesimulator";
				SUPPORTS_MACCATALYST = NO;
				SWIFT_EMIT_LOC_STRINGS = NO;
				SWIFT_VERSION = 5.0;
				TARGETED_DEVICE_FAMILY = 1;
				TEST_TARGET_NAME = Eventorias;
				XROS_DEPLOYMENT_TARGET = 2.5;
			};
			name = Release;
		};
/* End XCBuildConfiguration section */

/* Begin XCConfigurationList section */
		C6ACAA3D2E5D2B9E008B6C63 /* Build configuration list for PBXProject "Eventorias" */ = {
			isa = XCConfigurationList;
			buildConfigurations = (
				C6ACAA622E5D2B9F008B6C63 /* Debug */,
				C6ACAA632E5D2B9F008B6C63 /* Release */,
			);
			defaultConfigurationIsVisible = 0;
			defaultConfigurationName = Release;
		};
		C6ACAA642E5D2B9F008B6C63 /* Build configuration list for PBXNativeTarget "Eventorias" */ = {
			isa = XCConfigurationList;
			buildConfigurations = (
				C6ACAA652E5D2B9F008B6C63 /* Debug */,
				C6ACAA662E5D2B9F008B6C63 /* Release */,
			);
			defaultConfigurationIsVisible = 0;
			defaultConfigurationName = Release;
		};
		C6ACAA672E5D2B9F008B6C63 /* Build configuration list for PBXNativeTarget "EventoriasTests" */ = {
			isa = XCConfigurationList;
			buildConfigurations = (
				C6ACAA682E5D2B9F008B6C63 /* Debug */,
				C6ACAA692E5D2B9F008B6C63 /* Release */,
			);
			defaultConfigurationIsVisible = 0;
			defaultConfigurationName = Release;
		};
		C6ACAA6A2E5D2B9F008B6C63 /* Build configuration list for PBXNativeTarget "EventoriasUITests" */ = {
			isa = XCConfigurationList;
			buildConfigurations = (
				C6ACAA6B2E5D2B9F008B6C63 /* Debug */,
				C6ACAA6C2E5D2B9F008B6C63 /* Release */,
			);
			defaultConfigurationIsVisible = 0;
			defaultConfigurationName = Release;
		};
/* End XCConfigurationList section */

/* Begin XCRemoteSwiftPackageReference section */
		C6ACAA882E5E5FB2008B6C63 /* XCRemoteSwiftPackageReference "firebase-ios-sdk" */ = {
			isa = XCRemoteSwiftPackageReference;
			repositoryURL = "https://github.com/firebase/firebase-ios-sdk";
			requirement = {
				kind = upToNextMajorVersion;
				minimumVersion = 12.1.0;
			};
		};
/* End XCRemoteSwiftPackageReference section */

/* Begin XCSwiftPackageProductDependency section */
		C6ACAA892E5E5FB2008B6C63 /* FirebaseAuth */ = {
			isa = XCSwiftPackageProductDependency;
			package = C6ACAA882E5E5FB2008B6C63 /* XCRemoteSwiftPackageReference "firebase-ios-sdk" */;
			productName = FirebaseAuth;
		};
/* End XCSwiftPackageProductDependency section */
	};
	rootObject = C6ACAA3A2E5D2B9E008B6C63 /* Project object */;
}
